{
  "name": "workspace-crap",
  "version": "1.0.0",
  "lockfileVersion": 2,
  "requires": true,
  "packages": {
    "": {
      "name": "workspace-crap",
      "version": "1.0.0",
      "license": "ISC",
      "workspaces": [
        "a",
        "b"
      ]
    },
    "a": {
      "version": "1.0.0",
      "license": "ISC"
    },
    "b": {
      "version": "1.0.0",
      "license": "ISC",
      "dependencies": {
        "a": "*"
      }
    },
    "node_modules/a": {
      "resolved": "a",
      "link": true
    },
    "node_modules/b": {
      "resolved": "b",
      "link": true
    }
  },
  "dependencies": {
    "a": {
      "version": "file:a"
    },
    "b": {
      "version": "file:b",
      "requires": {
        "a": "*"
      }
    }
  }
}
